// !$*UTF8*$!
{
	archiveVersion = 1;
	classes = {
	};
	objectVersion = 55;
	objects = {

/* Begin PBXBuildFile section */
		493871F2277B182C00D6F794 /* AppDelegate.swift in Sources */ = {isa = PBXBuildFile; fileRef = 493871F1277B182C00D6F794 /* AppDelegate.swift */; };
		493871F4277B182C00D6F794 /* SceneDelegate.swift in Sources */ = {isa = PBXBuildFile; fileRef = 493871F3277B182C00D6F794 /* SceneDelegate.swift */; };
		493871F6277B182C00D6F794 /* ViewController.swift in Sources */ = {isa = PBXBuildFile; fileRef = 493871F5277B182C00D6F794 /* ViewController.swift */; };
		493871F9277B182C00D6F794 /* Main.storyboard in Resources */ = {isa = PBXBuildFile; fileRef = 493871F7277B182C00D6F794 /* Main.storyboard */; };
		493871FB277B182E00D6F794 /* Assets.xcassets in Resources */ = {isa = PBXBuildFile; fileRef = 493871FA277B182E00D6F794 /* Assets.xcassets */; };
		493871FE277B182E00D6F794 /* LaunchScreen.storyboard in Resources */ = {isa = PBXBuildFile; fileRef = 493871FC277B182E00D6F794 /* LaunchScreen.storyboard */; };
		49387209277B18CC00D6F794 /* ProductDetail.swift in Sources */ = {isa = PBXBuildFile; fileRef = 49387208277B18CC00D6F794 /* ProductDetail.swift */; };
		4938720B277B193800D6F794 /* ChartData.swift in Sources */ = {isa = PBXBuildFile; fileRef = 4938720A277B193800D6F794 /* ChartData.swift */; };
		4938726A277C017C00D6F794 /* UITableView+.swift in Sources */ = {isa = PBXBuildFile; fileRef = 49387269277C017C00D6F794 /* UITableView+.swift */; };
		49387271277C1C4D00D6F794 /* TimeFrameHeader.swift in Sources */ = {isa = PBXBuildFile; fileRef = 49387270277C1C4D00D6F794 /* TimeFrameHeader.swift */; };
		49387275277C1D1900D6F794 /* CustomSegmentedControl.swift in Sources */ = {isa = PBXBuildFile; fileRef = 49387274277C1D1900D6F794 /* CustomSegmentedControl.swift */; };
		4938727C277C3B8000D6F794 /* UIImageView+.swift in Sources */ = {isa = PBXBuildFile; fileRef = 4938727B277C3B8000D6F794 /* UIImageView+.swift */; };
		49387280277C3C2500D6F794 /* ProductDataTableViewCell.swift in Sources */ = {isa = PBXBuildFile; fileRef = 4938727E277C3C2500D6F794 /* ProductDataTableViewCell.swift */; };
		49387281277C3C2500D6F794 /* ProductDataTableViewCell.xib in Resources */ = {isa = PBXBuildFile; fileRef = 4938727F277C3C2500D6F794 /* ProductDataTableViewCell.xib */; };
		49387283277C3D1100D6F794 /* ProductStackHeader.swift in Sources */ = {isa = PBXBuildFile; fileRef = 49387282277C3D1100D6F794 /* ProductStackHeader.swift */; };
		49387287277C806000D6F794 /* ProductHeaderView.xib in Resources */ = {isa = PBXBuildFile; fileRef = 49387286277C806000D6F794 /* ProductHeaderView.xib */; };
		4938728A277C853A00D6F794 /* ProductHeaderTableViewCell.swift in Sources */ = {isa = PBXBuildFile; fileRef = 49387288277C853A00D6F794 /* ProductHeaderTableViewCell.swift */; };
		4938728B277C853A00D6F794 /* ProductHeaderTableViewCell.xib in Resources */ = {isa = PBXBuildFile; fileRef = 49387289277C853A00D6F794 /* ProductHeaderTableViewCell.xib */; };
		4938728D277C91C700D6F794 /* UIView+.swift in Sources */ = {isa = PBXBuildFile; fileRef = 4938728C277C91C700D6F794 /* UIView+.swift */; };
		49387295277C9A8600D6F794 /* DetailButtonTableViewCell.swift in Sources */ = {isa = PBXBuildFile; fileRef = 49387293277C9A8600D6F794 /* DetailButtonTableViewCell.swift */; };
		49387296277C9A8600D6F794 /* DetailButtonTableViewCell.xib in Resources */ = {isa = PBXBuildFile; fileRef = 49387294277C9A8600D6F794 /* DetailButtonTableViewCell.xib */; };
		49387298277C9B2000D6F794 /* UIButtonView+.swift in Sources */ = {isa = PBXBuildFile; fileRef = 49387297277C9B2000D6F794 /* UIButtonView+.swift */; };
		4938729A277CB84000D6F794 /* Constants.swift in Sources */ = {isa = PBXBuildFile; fileRef = 49387299277CB84000D6F794 /* Constants.swift */; };
		4938729C277CB89600D6F794 /* URLSession+.swift in Sources */ = {isa = PBXBuildFile; fileRef = 4938729B277CB89600D6F794 /* URLSession+.swift */; };
		4938729E277CBF8900D6F794 /* ProductDetailViewModel.swift in Sources */ = {isa = PBXBuildFile; fileRef = 4938729D277CBF8900D6F794 /* ProductDetailViewModel.swift */; };
		493872A0277CC64300D6F794 /* ProductDetailTimeFrame.swift in Sources */ = {isa = PBXBuildFile; fileRef = 4938729F277CC64300D6F794 /* ProductDetailTimeFrame.swift */; };
		493872A2277DA7BE00D6F794 /* Colors+.swift in Sources */ = {isa = PBXBuildFile; fileRef = 493872A1277DA7BE00D6F794 /* Colors+.swift */; };
		493872A4277DBA3D00D6F794 /* UIScrollView+.swift in Sources */ = {isa = PBXBuildFile; fileRef = 493872A3277DBA3D00D6F794 /* UIScrollView+.swift */; };
		493872A6277DBD8800D6F794 /* Double+.swift in Sources */ = {isa = PBXBuildFile; fileRef = 493872A5277DBD8800D6F794 /* Double+.swift */; };
		493872A8277DC53200D6F794 /* String+.swift in Sources */ = {isa = PBXBuildFile; fileRef = 493872A7277DC53200D6F794 /* String+.swift */; };
		493872AA277DDF4400D6F794 /* LineChartView.swift in Sources */ = {isa = PBXBuildFile; fileRef = 493872A9277DDF4400D6F794 /* LineChartView.swift */; };
		493872AC277DED4800D6F794 /* LineChartViewModel.swift in Sources */ = {isa = PBXBuildFile; fileRef = 493872AB277DED4800D6F794 /* LineChartViewModel.swift */; };
		493872B1277DF7CA00D6F794 /* BuyButtonTableViewCell.swift in Sources */ = {isa = PBXBuildFile; fileRef = 493872AF277DF7CA00D6F794 /* BuyButtonTableViewCell.swift */; };
		493872B2277DF7CA00D6F794 /* BuyButtonTableViewCell.xib in Resources */ = {isa = PBXBuildFile; fileRef = 493872B0277DF7CA00D6F794 /* BuyButtonTableViewCell.xib */; };
		D75269D8F3922CCED718A696 /* Pods_testBareksa.framework in Frameworks */ = {isa = PBXBuildFile; fileRef = A369C37B1DC1F3E38CCEE11B /* Pods_testBareksa.framework */; };
/* End PBXBuildFile section */

/* Begin PBXFileReference section */
		493871EE277B182C00D6F794 /* testBareksa.app */ = {isa = PBXFileReference; explicitFileType = wrapper.application; includeInIndex = 0; path = testBareksa.app; sourceTree = BUILT_PRODUCTS_DIR; };
		493871F1277B182C00D6F794 /* AppDelegate.swift */ = {isa = PBXFileReference; lastKnownFileType = sourcecode.swift; path = AppDelegate.swift; sourceTree = "<group>"; };
		493871F3277B182C00D6F794 /* SceneDelegate.swift */ = {isa = PBXFileReference; lastKnownFileType = sourcecode.swift; path = SceneDelegate.swift; sourceTree = "<group>"; };
		493871F5277B182C00D6F794 /* ViewController.swift */ = {isa = PBXFileReference; lastKnownFileType = sourcecode.swift; path = ViewController.swift; sourceTree = "<group>"; };
		493871F8277B182C00D6F794 /* Base */ = {isa = PBXFileReference; lastKnownFileType = file.storyboard; name = Base; path = Base.lproj/Main.storyboard; sourceTree = "<group>"; };
		493871FA277B182E00D6F794 /* Assets.xcassets */ = {isa = PBXFileReference; lastKnownFileType = folder.assetcatalog; path = Assets.xcassets; sourceTree = "<group>"; };
		493871FD277B182E00D6F794 /* Base */ = {isa = PBXFileReference; lastKnownFileType = file.storyboard; name = Base; path = Base.lproj/LaunchScreen.storyboard; sourceTree = "<group>"; };
		493871FF277B182E00D6F794 /* Info.plist */ = {isa = PBXFileReference; lastKnownFileType = text.plist.xml; path = Info.plist; sourceTree = "<group>"; };
		49387208277B18CC00D6F794 /* ProductDetail.swift */ = {isa = PBXFileReference; lastKnownFileType = sourcecode.swift; path = ProductDetail.swift; sourceTree = "<group>"; };
		4938720A277B193800D6F794 /* ChartData.swift */ = {isa = PBXFileReference; lastKnownFileType = sourcecode.swift; path = ChartData.swift; sourceTree = "<group>"; };
		49387269277C017C00D6F794 /* UITableView+.swift */ = {isa = PBXFileReference; lastKnownFileType = sourcecode.swift; path = "UITableView+.swift"; sourceTree = "<group>"; };
		49387270277C1C4D00D6F794 /* TimeFrameHeader.swift */ = {isa = PBXFileReference; lastKnownFileType = sourcecode.swift; path = TimeFrameHeader.swift; sourceTree = "<group>"; };
		49387274277C1D1900D6F794 /* CustomSegmentedControl.swift */ = {isa = PBXFileReference; lastKnownFileType = sourcecode.swift; path = CustomSegmentedControl.swift; sourceTree = "<group>"; };
		4938727B277C3B8000D6F794 /* UIImageView+.swift */ = {isa = PBXFileReference; lastKnownFileType = sourcecode.swift; path = "UIImageView+.swift"; sourceTree = "<group>"; };
		4938727E277C3C2500D6F794 /* ProductDataTableViewCell.swift */ = {isa = PBXFileReference; lastKnownFileType = sourcecode.swift; path = ProductDataTableViewCell.swift; sourceTree = "<group>"; };
		4938727F277C3C2500D6F794 /* ProductDataTableViewCell.xib */ = {isa = PBXFileReference; lastKnownFileType = file.xib; path = ProductDataTableViewCell.xib; sourceTree = "<group>"; };
		49387282277C3D1100D6F794 /* ProductStackHeader.swift */ = {isa = PBXFileReference; lastKnownFileType = sourcecode.swift; path = ProductStackHeader.swift; sourceTree = "<group>"; };
		49387286277C806000D6F794 /* ProductHeaderView.xib */ = {isa = PBXFileReference; lastKnownFileType = file.xib; path = ProductHeaderView.xib; sourceTree = "<group>"; };
		49387288277C853A00D6F794 /* ProductHeaderTableViewCell.swift */ = {isa = PBXFileReference; lastKnownFileType = sourcecode.swift; path = ProductHeaderTableViewCell.swift; sourceTree = "<group>"; };
		49387289277C853A00D6F794 /* ProductHeaderTableViewCell.xib */ = {isa = PBXFileReference; lastKnownFileType = file.xib; path = ProductHeaderTableViewCell.xib; sourceTree = "<group>"; };
		4938728C277C91C700D6F794 /* UIView+.swift */ = {isa = PBXFileReference; lastKnownFileType = sourcecode.swift; path = "UIView+.swift"; sourceTree = "<group>"; };
		49387293277C9A8600D6F794 /* DetailButtonTableViewCell.swift */ = {isa = PBXFileReference; lastKnownFileType = sourcecode.swift; path = DetailButtonTableViewCell.swift; sourceTree = "<group>"; };
		49387294277C9A8600D6F794 /* DetailButtonTableViewCell.xib */ = {isa = PBXFileReference; lastKnownFileType = file.xib; path = DetailButtonTableViewCell.xib; sourceTree = "<group>"; };
		49387297277C9B2000D6F794 /* UIButtonView+.swift */ = {isa = PBXFileReference; lastKnownFileType = sourcecode.swift; path = "UIButtonView+.swift"; sourceTree = "<group>"; };
		49387299277CB84000D6F794 /* Constants.swift */ = {isa = PBXFileReference; lastKnownFileType = sourcecode.swift; path = Constants.swift; sourceTree = "<group>"; };
		4938729B277CB89600D6F794 /* URLSession+.swift */ = {isa = PBXFileReference; lastKnownFileType = sourcecode.swift; path = "URLSession+.swift"; sourceTree = "<group>"; };
		4938729D277CBF8900D6F794 /* ProductDetailViewModel.swift */ = {isa = PBXFileReference; lastKnownFileType = sourcecode.swift; path = ProductDetailViewModel.swift; sourceTree = "<group>"; };
		4938729F277CC64300D6F794 /* ProductDetailTimeFrame.swift */ = {isa = PBXFileReference; lastKnownFileType = sourcecode.swift; path = ProductDetailTimeFrame.swift; sourceTree = "<group>"; };
		493872A1277DA7BE00D6F794 /* Colors+.swift */ = {isa = PBXFileReference; lastKnownFileType = sourcecode.swift; path = "Colors+.swift"; sourceTree = "<group>"; };
		493872A3277DBA3D00D6F794 /* UIScrollView+.swift */ = {isa = PBXFileReference; lastKnownFileType = sourcecode.swift; path = "UIScrollView+.swift"; sourceTree = "<group>"; };
		493872A5277DBD8800D6F794 /* Double+.swift */ = {isa = PBXFileReference; lastKnownFileType = sourcecode.swift; path = "Double+.swift"; sourceTree = "<group>"; };
		493872A7277DC53200D6F794 /* String+.swift */ = {isa = PBXFileReference; lastKnownFileType = sourcecode.swift; path = "String+.swift"; sourceTree = "<group>"; };
		493872A9277DDF4400D6F794 /* LineChartView.swift */ = {isa = PBXFileReference; lastKnownFileType = sourcecode.swift; path = LineChartView.swift; sourceTree = "<group>"; };
		493872AB277DED4800D6F794 /* LineChartViewModel.swift */ = {isa = PBXFileReference; lastKnownFileType = sourcecode.swift; path = LineChartViewModel.swift; sourceTree = "<group>"; };
		493872AF277DF7CA00D6F794 /* BuyButtonTableViewCell.swift */ = {isa = PBXFileReference; lastKnownFileType = sourcecode.swift; path = BuyButtonTableViewCell.swift; sourceTree = "<group>"; };
		493872B0277DF7CA00D6F794 /* BuyButtonTableViewCell.xib */ = {isa = PBXFileReference; lastKnownFileType = file.xib; path = BuyButtonTableViewCell.xib; sourceTree = "<group>"; };
		886A9EF16539AD3F9C64B47A /* Pods-testBareksa.release.xcconfig */ = {isa = PBXFileReference; includeInIndex = 1; lastKnownFileType = text.xcconfig; name = "Pods-testBareksa.release.xcconfig"; path = "Target Support Files/Pods-testBareksa/Pods-testBareksa.release.xcconfig"; sourceTree = "<group>"; };
		89F0AB9C2EEA7C9E27965DB5 /* Pods-testBareksa.debug.xcconfig */ = {isa = PBXFileReference; includeInIndex = 1; lastKnownFileType = text.xcconfig; name = "Pods-testBareksa.debug.xcconfig"; path = "Target Support Files/Pods-testBareksa/Pods-testBareksa.debug.xcconfig"; sourceTree = "<group>"; };
		A369C37B1DC1F3E38CCEE11B /* Pods_testBareksa.framework */ = {isa = PBXFileReference; explicitFileType = wrapper.framework; includeInIndex = 0; path = Pods_testBareksa.framework; sourceTree = BUILT_PRODUCTS_DIR; };
/* End PBXFileReference section */

/* Begin PBXFrameworksBuildPhase section */
		493871EB277B182C00D6F794 /* Frameworks */ = {
			isa = PBXFrameworksBuildPhase;
			buildActionMask = 2147483647;
			files = (
				D75269D8F3922CCED718A696 /* Pods_testBareksa.framework in Frameworks */,
			);
			runOnlyForDeploymentPostprocessing = 0;
		};
/* End PBXFrameworksBuildPhase section */

/* Begin PBXGroup section */
		075AD3415FDB86139352F658 /* Pods */ = {
			isa = PBXGroup;
			children = (
				89F0AB9C2EEA7C9E27965DB5 /* Pods-testBareksa.debug.xcconfig */,
				886A9EF16539AD3F9C64B47A /* Pods-testBareksa.release.xcconfig */,
			);
			path = Pods;
			sourceTree = "<group>";
		};
		493871E5277B182C00D6F794 = {
			isa = PBXGroup;
			children = (
				493871F0277B182C00D6F794 /* testBareksa */,
				493871EF277B182C00D6F794 /* Products */,
				075AD3415FDB86139352F658 /* Pods */,
				AF98C1E8C72E1206CA1BF919 /* Frameworks */,
			);
			sourceTree = "<group>";
		};
		493871EF277B182C00D6F794 /* Products */ = {
			isa = PBXGroup;
			children = (
				493871EE277B182C00D6F794 /* testBareksa.app */,
			);
			name = Products;
			sourceTree = "<group>";
		};
		493871F0277B182C00D6F794 /* testBareksa */ = {
			isa = PBXGroup;
			children = (
				49387272277C1CFD00D6F794 /* Utils */,
				4938720C277B194500D6F794 /* Networking */,
				49387205277B18A100D6F794 /* models */,
				49387206277B18A500D6F794 /* view */,
				49387207277B18AA00D6F794 /* view mdoels */,
				493871F1277B182C00D6F794 /* AppDelegate.swift */,
				493871F3277B182C00D6F794 /* SceneDelegate.swift */,
				493871F5277B182C00D6F794 /* ViewController.swift */,
				493871F7277B182C00D6F794 /* Main.storyboard */,
				493871FA277B182E00D6F794 /* Assets.xcassets */,
				493871FC277B182E00D6F794 /* LaunchScreen.storyboard */,
				493871FF277B182E00D6F794 /* Info.plist */,
			);
			path = testBareksa;
			sourceTree = "<group>";
		};
		49387205277B18A100D6F794 /* models */ = {
			isa = PBXGroup;
			children = (
				49387208277B18CC00D6F794 /* ProductDetail.swift */,
				4938720A277B193800D6F794 /* ChartData.swift */,
				4938729F277CC64300D6F794 /* ProductDetailTimeFrame.swift */,
			);
			path = models;
			sourceTree = "<group>";
		};
		49387206277B18A500D6F794 /* view */ = {
			isa = PBXGroup;
			children = (
				4938726B277C023100D6F794 /* tableViewCells */,
				493872A9277DDF4400D6F794 /* LineChartView.swift */,
			);
			path = view;
			sourceTree = "<group>";
		};
		49387207277B18AA00D6F794 /* view mdoels */ = {
			isa = PBXGroup;
			children = (
				4938729D277CBF8900D6F794 /* ProductDetailViewModel.swift */,
				493872AB277DED4800D6F794 /* LineChartViewModel.swift */,
			);
			path = "view mdoels";
			sourceTree = "<group>";
		};
		4938720C277B194500D6F794 /* Networking */ = {
			isa = PBXGroup;
			children = (
				4938729B277CB89600D6F794 /* URLSession+.swift */,
			);
			path = Networking;
			sourceTree = "<group>";
		};
		49387268277C016F00D6F794 /* Helpers */ = {
			isa = PBXGroup;
			children = (
				49387269277C017C00D6F794 /* UITableView+.swift */,
				4938727B277C3B8000D6F794 /* UIImageView+.swift */,
				4938728C277C91C700D6F794 /* UIView+.swift */,
				49387297277C9B2000D6F794 /* UIButtonView+.swift */,
				493872A1277DA7BE00D6F794 /* Colors+.swift */,
				493872A3277DBA3D00D6F794 /* UIScrollView+.swift */,
				493872A5277DBD8800D6F794 /* Double+.swift */,
				493872A7277DC53200D6F794 /* String+.swift */,
			);
			path = Helpers;
			sourceTree = "<group>";
		};
		4938726B277C023100D6F794 /* tableViewCells */ = {
			isa = PBXGroup;
			children = (
				4938728E277C997E00D6F794 /* ButtonAction */,
				4938727D277C3C0200D6F794 /* ProductData */,
				49387276277C332D00D6F794 /* ProductHeader */,
				49387270277C1C4D00D6F794 /* TimeFrameHeader.swift */,
			);
			path = tableViewCells;
			sourceTree = "<group>";
		};
		49387272277C1CFD00D6F794 /* Utils */ = {
			isa = PBXGroup;
			children = (
				49387268277C016F00D6F794 /* Helpers */,
				49387273277C1D0300D6F794 /* Components */,
				49387299277CB84000D6F794 /* Constants.swift */,
			);
			path = Utils;
			sourceTree = "<group>";
		};
		49387273277C1D0300D6F794 /* Components */ = {
			isa = PBXGroup;
			children = (
				49387274277C1D1900D6F794 /* CustomSegmentedControl.swift */,
			);
			path = Components;
			sourceTree = "<group>";
		};
		49387276277C332D00D6F794 /* ProductHeader */ = {
			isa = PBXGroup;
			children = (
				49387282277C3D1100D6F794 /* ProductStackHeader.swift */,
				49387286277C806000D6F794 /* ProductHeaderView.xib */,
				49387288277C853A00D6F794 /* ProductHeaderTableViewCell.swift */,
				49387289277C853A00D6F794 /* ProductHeaderTableViewCell.xib */,
			);
			path = ProductHeader;
			sourceTree = "<group>";
		};
		4938727D277C3C0200D6F794 /* ProductData */ = {
			isa = PBXGroup;
			children = (
				4938727E277C3C2500D6F794 /* ProductDataTableViewCell.swift */,
				4938727F277C3C2500D6F794 /* ProductDataTableViewCell.xib */,
			);
			path = ProductData;
			sourceTree = "<group>";
		};
		4938728E277C997E00D6F794 /* ButtonAction */ = {
			isa = PBXGroup;
			children = (
				49387293277C9A8600D6F794 /* DetailButtonTableViewCell.swift */,
				49387294277C9A8600D6F794 /* DetailButtonTableViewCell.xib */,
				493872AF277DF7CA00D6F794 /* BuyButtonTableViewCell.swift */,
				493872B0277DF7CA00D6F794 /* BuyButtonTableViewCell.xib */,
			);
			path = ButtonAction;
			sourceTree = "<group>";
		};
		AF98C1E8C72E1206CA1BF919 /* Frameworks */ = {
			isa = PBXGroup;
			children = (
				A369C37B1DC1F3E38CCEE11B /* Pods_testBareksa.framework */,
			);
			name = Frameworks;
			sourceTree = "<group>";
		};
/* End PBXGroup section */

/* Begin PBXNativeTarget section */
		493871ED277B182C00D6F794 /* testBareksa */ = {
			isa = PBXNativeTarget;
			buildConfigurationList = 49387202277B182E00D6F794 /* Build configuration list for PBXNativeTarget "testBareksa" */;
			buildPhases = (
				DE1858B77538EA4E496FF7A6 /* [CP] Check Pods Manifest.lock */,
				493871EA277B182C00D6F794 /* Sources */,
				493871EB277B182C00D6F794 /* Frameworks */,
				493871EC277B182C00D6F794 /* Resources */,
				37022A04BF7F14FC3F747FD3 /* [CP] Embed Pods Frameworks */,
			);
			buildRules = (
			);
			dependencies = (
			);
			name = testBareksa;
			productName = testBareksa;
			productReference = 493871EE277B182C00D6F794 /* testBareksa.app */;
			productType = "com.apple.product-type.application";
		};
/* End PBXNativeTarget section */

/* Begin PBXProject section */
		493871E6277B182C00D6F794 /* Project object */ = {
			isa = PBXProject;
			attributes = {
				BuildIndependentTargetsInParallel = 1;
				LastSwiftUpdateCheck = 1310;
				LastUpgradeCheck = 1310;
				TargetAttributes = {
					493871ED277B182C00D6F794 = {
						CreatedOnToolsVersion = 13.1;
					};
				};
			};
			buildConfigurationList = 493871E9277B182C00D6F794 /* Build configuration list for PBXProject "testBareksa" */;
			compatibilityVersion = "Xcode 13.0";
			developmentRegion = en;
			hasScannedForEncodings = 0;
			knownRegions = (
				en,
				Base,
			);
			mainGroup = 493871E5277B182C00D6F794;
			productRefGroup = 493871EF277B182C00D6F794 /* Products */;
			projectDirPath = "";
			projectRoot = "";
			targets = (
				493871ED277B182C00D6F794 /* testBareksa */,
			);
		};
/* End PBXProject section */

/* Begin PBXResourcesBuildPhase section */
		493871EC277B182C00D6F794 /* Resources */ = {
			isa = PBXResourcesBuildPhase;
			buildActionMask = 2147483647;
			files = (
				49387296277C9A8600D6F794 /* DetailButtonTableViewCell.xib in Resources */,
				4938728B277C853A00D6F794 /* ProductHeaderTableViewCell.xib in Resources */,
				493872B2277DF7CA00D6F794 /* BuyButtonTableViewCell.xib in Resources */,
				49387281277C3C2500D6F794 /* ProductDataTableViewCell.xib in Resources */,
				493871FE277B182E00D6F794 /* LaunchScreen.storyboard in Resources */,
				493871FB277B182E00D6F794 /* Assets.xcassets in Resources */,
				493871F9277B182C00D6F794 /* Main.storyboard in Resources */,
				49387287277C806000D6F794 /* ProductHeaderView.xib in Resources */,
			);
			runOnlyForDeploymentPostprocessing = 0;
		};
/* End PBXResourcesBuildPhase section */

/* Begin PBXShellScriptBuildPhase section */
		37022A04BF7F14FC3F747FD3 /* [CP] Embed Pods Frameworks */ = {
			isa = PBXShellScriptBuildPhase;
			buildActionMask = 2147483647;
			files = (
			);
			inputFileListPaths = (
				"${PODS_ROOT}/Target Support Files/Pods-testBareksa/Pods-testBareksa-frameworks-${CONFIGURATION}-input-files.xcfilelist",
			);
			name = "[CP] Embed Pods Frameworks";
			outputFileListPaths = (
				"${PODS_ROOT}/Target Support Files/Pods-testBareksa/Pods-testBareksa-frameworks-${CONFIGURATION}-output-files.xcfilelist",
			);
			runOnlyForDeploymentPostprocessing = 0;
			shellPath = /bin/sh;
			shellScript = "\"${PODS_ROOT}/Target Support Files/Pods-testBareksa/Pods-testBareksa-frameworks.sh\"\n";
			showEnvVarsInLog = 0;
		};
		DE1858B77538EA4E496FF7A6 /* [CP] Check Pods Manifest.lock */ = {
			isa = PBXShellScriptBuildPhase;
			buildActionMask = 2147483647;
			files = (
			);
			inputFileListPaths = (
			);
			inputPaths = (
				"${PODS_PODFILE_DIR_PATH}/Podfile.lock",
				"${PODS_ROOT}/Manifest.lock",
			);
			name = "[CP] Check Pods Manifest.lock";
			outputFileListPaths = (
			);
			outputPaths = (
				"$(DERIVED_FILE_DIR)/Pods-testBareksa-checkManifestLockResult.txt",
			);
			runOnlyForDeploymentPostprocessing = 0;
			shellPath = /bin/sh;
			shellScript = "diff \"${PODS_PODFILE_DIR_PATH}/Podfile.lock\" \"${PODS_ROOT}/Manifest.lock\" > /dev/null\nif [ $? != 0 ] ; then\n    # print error to STDERR\n    echo \"error: The sandbox is not in sync with the Podfile.lock. Run 'pod install' or update your CocoaPods installation.\" >&2\n    exit 1\nfi\n# This output is used by Xcode 'outputs' to avoid re-running this script phase.\necho \"SUCCESS\" > \"${SCRIPT_OUTPUT_FILE_0}\"\n";
			showEnvVarsInLog = 0;
		};
/* End PBXShellScriptBuildPhase section */

/* Begin PBXSourcesBuildPhase section */
		493871EA277B182C00D6F794 /* Sources */ = {
			isa = PBXSourcesBuildPhase;
			buildActionMask = 2147483647;
			files = (
				493872A2277DA7BE00D6F794 /* Colors+.swift in Sources */,
				493871F6277B182C00D6F794 /* ViewController.swift in Sources */,
				493872B1277DF7CA00D6F794 /* BuyButtonTableViewCell.swift in Sources */,
				4938720B277B193800D6F794 /* ChartData.swift in Sources */,
				4938729C277CB89600D6F794 /* URLSession+.swift in Sources */,
				49387280277C3C2500D6F794 /* ProductDataTableViewCell.swift in Sources */,
				49387271277C1C4D00D6F794 /* TimeFrameHeader.swift in Sources */,
				493871F2277B182C00D6F794 /* AppDelegate.swift in Sources */,
				4938727C277C3B8000D6F794 /* UIImageView+.swift in Sources */,
				493872AC277DED4800D6F794 /* LineChartViewModel.swift in Sources */,
				493872A6277DBD8800D6F794 /* Double+.swift in Sources */,
				493872A8277DC53200D6F794 /* String+.swift in Sources */,
				4938726A277C017C00D6F794 /* UITableView+.swift in Sources */,
				49387283277C3D1100D6F794 /* ProductStackHeader.swift in Sources */,
				493871F4277B182C00D6F794 /* SceneDelegate.swift in Sources */,
				4938729E277CBF8900D6F794 /* ProductDetailViewModel.swift in Sources */,
				49387295277C9A8600D6F794 /* DetailButtonTableViewCell.swift in Sources */,
				493872AA277DDF4400D6F794 /* LineChartView.swift in Sources */,
				493872A0277CC64300D6F794 /* ProductDetailTimeFrame.swift in Sources */,
				493872A4277DBA3D00D6F794 /* UIScrollView+.swift in Sources */,
				4938729A277CB84000D6F794 /* Constants.swift in Sources */,
				49387209277B18CC00D6F794 /* ProductDetail.swift in Sources */,
				4938728D277C91C700D6F794 /* UIView+.swift in Sources */,
				49387275277C1D1900D6F794 /* CustomSegmentedControl.swift in Sources */,
				49387298277C9B2000D6F794 /* UIButtonView+.swift in Sources */,
				4938728A277C853A00D6F794 /* ProductHeaderTableViewCell.swift in Sources */,
			);
			runOnlyForDeploymentPostprocessing = 0;
		};
/* End PBXSourcesBuildPhase section */

/* Begin PBXVariantGroup section */
		493871F7277B182C00D6F794 /* Main.storyboard */ = {
			isa = PBXVariantGroup;
			children = (
				493871F8277B182C00D6F794 /* Base */,
			);
			name = Main.storyboard;
			sourceTree = "<group>";
		};
		493871FC277B182E00D6F794 /* LaunchScreen.storyboard */ = {
			isa = PBXVariantGroup;
			children = (
				493871FD277B182E00D6F794 /* Base */,
			);
			name = LaunchScreen.storyboard;
			sourceTree = "<group>";
		};
/* End PBXVariantGroup section */

/* Begin XCBuildConfiguration section */
		49387200277B182E00D6F794 /* Debug */ = {
			isa = XCBuildConfiguration;
			buildSettings = {
				ALWAYS_SEARCH_USER_PATHS = NO;
				CLANG_ANALYZER_NONNULL = YES;
				CLANG_ANALYZER_NUMBER_OBJECT_CONVERSION = YES_AGGRESSIVE;
				CLANG_CXX_LANGUAGE_STANDARD = "gnu++17";
				CLANG_CXX_LIBRARY = "libc++";
				CLANG_ENABLE_MODULES = YES;
				CLANG_ENABLE_OBJC_ARC = YES;
				CLANG_ENABLE_OBJC_WEAK = YES;
				CLANG_WARN_BLOCK_CAPTURE_AUTORELEASING = YES;
				CLANG_WARN_BOOL_CONVERSION = YES;
				CLANG_WARN_COMMA = YES;
				CLANG_WARN_CONSTANT_CONVERSION = YES;
				CLANG_WARN_DEPRECATED_OBJC_IMPLEMENTATIONS = YES;
				CLANG_WARN_DIRECT_OBJC_ISA_USAGE = YES_ERROR;
				CLANG_WARN_DOCUMENTATION_COMMENTS = YES;
				CLANG_WARN_EMPTY_BODY = YES;
				CLANG_WARN_ENUM_CONVERSION = YES;
				CLANG_WARN_INFINITE_RECURSION = YES;
				CLANG_WARN_INT_CONVERSION = YES;
				CLANG_WARN_NON_LITERAL_NULL_CONVERSION = YES;
				CLANG_WARN_OBJC_IMPLICIT_RETAIN_SELF = YES;
				CLANG_WARN_OBJC_LITERAL_CONVERSION = YES;
				CLANG_WARN_OBJC_ROOT_CLASS = YES_ERROR;
				CLANG_WARN_QUOTED_INCLUDE_IN_FRAMEWORK_HEADER = YES;
				CLANG_WARN_RANGE_LOOP_ANALYSIS = YES;
				CLANG_WARN_STRICT_PROTOTYPES = YES;
				CLANG_WARN_SUSPICIOUS_MOVE = YES;
				CLANG_WARN_UNGUARDED_AVAILABILITY = YES_AGGRESSIVE;
				CLANG_WARN_UNREACHABLE_CODE = YES;
				CLANG_WARN__DUPLICATE_METHOD_MATCH = YES;
				COPY_PHASE_STRIP = NO;
				DEBUG_INFORMATION_FORMAT = dwarf;
				ENABLE_STRICT_OBJC_MSGSEND = YES;
				ENABLE_TESTABILITY = YES;
				GCC_C_LANGUAGE_STANDARD = gnu11;
				GCC_DYNAMIC_NO_PIC = NO;
				GCC_NO_COMMON_BLOCKS = YES;
				GCC_OPTIMIZATION_LEVEL = 0;
				GCC_PREPROCESSOR_DEFINITIONS = (
					"DEBUG=1",
					"$(inherited)",
				);
				GCC_WARN_64_TO_32_BIT_CONVERSION = YES;
				GCC_WARN_ABOUT_RETURN_TYPE = YES_ERROR;
				GCC_WARN_UNDECLARED_SELECTOR = YES;
				GCC_WARN_UNINITIALIZED_AUTOS = YES_AGGRESSIVE;
				GCC_WARN_UNUSED_FUNCTION = YES;
				GCC_WARN_UNUSED_VARIABLE = YES;
				IPHONEOS_DEPLOYMENT_TARGET = 10.0;
				MTL_ENABLE_DEBUG_INFO = INCLUDE_SOURCE;
				MTL_FAST_MATH = YES;
				ONLY_ACTIVE_ARCH = YES;
				SDKROOT = iphoneos;
				SWIFT_ACTIVE_COMPILATION_CONDITIONS = DEBUG;
				SWIFT_OPTIMIZATION_LEVEL = "-Onone";
			};
			name = Debug;
		};
		49387201277B182E00D6F794 /* Release */ = {
			isa = XCBuildConfiguration;
			buildSettings = {
				ALWAYS_SEARCH_USER_PATHS = NO;
				CLANG_ANALYZER_NONNULL = YES;
				CLANG_ANALYZER_NUMBER_OBJECT_CONVERSION = YES_AGGRESSIVE;
				CLANG_CXX_LANGUAGE_STANDARD = "gnu++17";
				CLANG_CXX_LIBRARY = "libc++";
				CLANG_ENABLE_MODULES = YES;
				CLANG_ENABLE_OBJC_ARC = YES;
				CLANG_ENABLE_OBJC_WEAK = YES;
				CLANG_WARN_BLOCK_CAPTURE_AUTORELEASING = YES;
				CLANG_WARN_BOOL_CONVERSION = YES;
				CLANG_WARN_COMMA = YES;
				CLANG_WARN_CONSTANT_CONVERSION = YES;
				CLANG_WARN_DEPRECATED_OBJC_IMPLEMENTATIONS = YES;
				CLANG_WARN_DIRECT_OBJC_ISA_USAGE = YES_ERROR;
				CLANG_WARN_DOCUMENTATION_COMMENTS = YES;
				CLANG_WARN_EMPTY_BODY = YES;
				CLANG_WARN_ENUM_CONVERSION = YES;
				CLANG_WARN_INFINITE_RECURSION = YES;
				CLANG_WARN_INT_CONVERSION = YES;
				CLANG_WARN_NON_LITERAL_NULL_CONVERSION = YES;
				CLANG_WARN_OBJC_IMPLICIT_RETAIN_SELF = YES;
				CLANG_WARN_OBJC_LITERAL_CONVERSION = YES;
				CLANG_WARN_OBJC_ROOT_CLASS = YES_ERROR;
				CLANG_WARN_QUOTED_INCLUDE_IN_FRAMEWORK_HEADER = YES;
				CLANG_WARN_RANGE_LOOP_ANALYSIS = YES;
				CLANG_WARN_STRICT_PROTOTYPES = YES;
				CLANG_WARN_SUSPICIOUS_MOVE = YES;
				CLANG_WARN_UNGUARDED_AVAILABILITY = YES_AGGRESSIVE;
				CLANG_WARN_UNREACHABLE_CODE = YES;
				CLANG_WARN__DUPLICATE_METHOD_MATCH = YES;
				COPY_PHASE_STRIP = NO;
				DEBUG_INFORMATION_FORMAT = "dwarf-with-dsym";
				ENABLE_NS_ASSERTIONS = NO;
				ENABLE_STRICT_OBJC_MSGSEND = YES;
				GCC_C_LANGUAGE_STANDARD = gnu11;
				GCC_NO_COMMON_BLOCKS = YES;
				GCC_WARN_64_TO_32_BIT_CONVERSION = YES;
				GCC_WARN_ABOUT_RETURN_TYPE = YES_ERROR;
				GCC_WARN_UNDECLARED_SELECTOR = YES;
				GCC_WARN_UNINITIALIZED_AUTOS = YES_AGGRESSIVE;
				GCC_WARN_UNUSED_FUNCTION = YES;
				GCC_WARN_UNUSED_VARIABLE = YES;
				IPHONEOS_DEPLOYMENT_TARGET = 10.0;
				MTL_ENABLE_DEBUG_INFO = NO;
				MTL_FAST_MATH = YES;
				SDKROOT = iphoneos;
				SWIFT_COMPILATION_MODE = wholemodule;
				SWIFT_OPTIMIZATION_LEVEL = "-O";
				VALIDATE_PRODUCT = YES;
			};
			name = Release;
		};
		49387203277B182E00D6F794 /* Debug */ = {
			isa = XCBuildConfiguration;
			baseConfigurationReference = 89F0AB9C2EEA7C9E27965DB5 /* Pods-testBareksa.debug.xcconfig */;
			buildSettings = {
				ASSETCATALOG_COMPILER_APPICON_NAME = AppIcon;
				ASSETCATALOG_COMPILER_GLOBAL_ACCENT_COLOR_NAME = AccentColor;
				CODE_SIGN_STYLE = Automatic;
				CURRENT_PROJECT_VERSION = 1;
				DEVELOPMENT_TEAM = TATAZHHLZ7;
				GENERATE_INFOPLIST_FILE = YES;
				INFOPLIST_FILE = testBareksa/Info.plist;
				INFOPLIST_KEY_UIApplicationSupportsIndirectInputEvents = YES;
				INFOPLIST_KEY_UILaunchStoryboardName = LaunchScreen;
				INFOPLIST_KEY_UIMainStoryboardFile = Main;
				INFOPLIST_KEY_UISupportedInterfaceOrientations_iPad = "UIInterfaceOrientationPortrait UIInterfaceOrientationPortraitUpsideDown UIInterfaceOrientationLandscapeLeft UIInterfaceOrientationLandscapeRight";
				INFOPLIST_KEY_UISupportedInterfaceOrientations_iPhone = "UIInterfaceOrientationPortrait UIInterfaceOrientationLandscapeLeft UIInterfaceOrientationLandscapeRight";
				IPHONEOS_DEPLOYMENT_TARGET = 10.0;
				LD_RUNPATH_SEARCH_PATHS = (
					"$(inherited)",
					"@executable_path/Frameworks",
				);
				MARKETING_VERSION = 1.0;
				PRODUCT_BUNDLE_IDENTIFIER = com.jackieleonardy.testBareksa;
				PRODUCT_NAME = "$(TARGET_NAME)";
				SWIFT_EMIT_LOC_STRINGS = YES;
				SWIFT_VERSION = 5.0;
				TARGETED_DEVICE_FAMILY = "1,2";
			};
			name = Debug;
		};
		49387204277B182E00D6F794 /* Release */ = {
			isa = XCBuildConfiguration;
			baseConfigurationReference = 886A9EF16539AD3F9C64B47A /* Pods-testBareksa.release.xcconfig */;
			buildSettings = {
				ASSETCATALOG_COMPILER_APPICON_NAME = AppIcon;
				ASSETCATALOG_COMPILER_GLOBAL_ACCENT_COLOR_NAME = AccentColor;
				CODE_SIGN_STYLE = Automatic;
				CURRENT_PROJECT_VERSION = 1;
				DEVELOPMENT_TEAM = TATAZHHLZ7;
				GENERATE_INFOPLIST_FILE = YES;
				INFOPLIST_FILE = testBareksa/Info.plist;
				INFOPLIST_KEY_UIApplicationSupportsIndirectInputEvents = YES;
				INFOPLIST_KEY_UILaunchStoryboardName = LaunchScreen;
				INFOPLIST_KEY_UIMainStoryboardFile = Main;
				INFOPLIST_KEY_UISupportedInterfaceOrientations_iPad = "UIInterfaceOrientationPortrait UIInterfaceOrientationPortraitUpsideDown UIInterfaceOrientationLandscapeLeft UIInterfaceOrientationLandscapeRight";
				INFOPLIST_KEY_UISupportedInterfaceOrientations_iPhone = "UIInterfaceOrientationPortrait UIInterfaceOrientationLandscapeLeft UIInterfaceOrientationLandscapeRight";
				IPHONEOS_DEPLOYMENT_TARGET = 10.0;
				LD_RUNPATH_SEARCH_PATHS = (
					"$(inherited)",
					"@executable_path/Frameworks",
				);
				MARKETING_VERSION = 1.0;
				PRODUCT_BUNDLE_IDENTIFIER = com.jackieleonardy.testBareksa;
				PRODUCT_NAME = "$(TARGET_NAME)";
				SWIFT_EMIT_LOC_STRINGS = YES;
				SWIFT_VERSION = 5.0;
				TARGETED_DEVICE_FAMILY = "1,2";
			};
			name = Release;
		};
/* End XCBuildConfiguration section */

/* Begin XCConfigurationList section */
		493871E9277B182C00D6F794 /* Build configuration list for PBXProject "testBareksa" */ = {
			isa = XCConfigurationList;
			buildConfigurations = (
				49387200277B182E00D6F794 /* Debug */,
				49387201277B182E00D6F794 /* Release */,
			);
			defaultConfigurationIsVisible = 0;
			defaultConfigurationName = Release;
		};
		49387202277B182E00D6F794 /* Build configuration list for PBXNativeTarget "testBareksa" */ = {
			isa = XCConfigurationList;
			buildConfigurations = (
				49387203277B182E00D6F794 /* Debug */,
				49387204277B182E00D6F794 /* Release */,
			);
			defaultConfigurationIsVisible = 0;
			defaultConfigurationName = Release;
		};
/* End XCConfigurationList section */
	};
	rootObject = 493871E6277B182C00D6F794 /* Project object */;
}
