// !$*UTF8*$!
{
	archiveVersion = 1;
	classes = {
	};
	objectVersion = 55;
	objects = {

/* Begin PBXBuildFile section */
		493871F2277B182C00D6F794 /* AppDelegate.swift in Sources */ = {isa = PBXBuildFile; fileRef = 493871F1277B182C00D6F794 /* AppDelegate.swift */; };
		493871F4277B182C00D6F794 /* SceneDelegate.swift in Sources */ = {isa = PBXBuildFile; fileRef = 493871F3277B182C00D6F794 /* SceneDelegate.swift */; };
		493871F6277B182C00D6F794 /* ViewController.swift in Sources */ = {isa = PBXBuildFile; fileRef = 493871F5277B182C00D6F794 /* ViewController.swift */; };
		493871F9277B182C00D6F794 /* Main.storyboard in Resources */ = {isa = PBXBuildFile; fileRef = 493871F7277B182C00D6F794 /* Main.storyboard */; };
		493871FB277B182E00D6F794 /* Assets.xcassets in Resources */ = {isa = PBXBuildFile; fileRef = 493871FA277B182E00D6F794 /* Assets.xcassets */; };
		493871FE277B182E00D6F794 /* LaunchScreen.storyboard in Resources */ = {isa = PBXBuildFile; fileRef = 493871FC277B182E00D6F794 /* LaunchScreen.storyboard */; };
		49387209277B18CC00D6F794 /* ProductDetail.swift in Sources */ = {isa = PBXBuildFile; fileRef = 49387208277B18CC00D6F794 /* ProductDetail.swift */; };
		4938720B277B193800D6F794 /* ChartData.swift in Sources */ = {isa = PBXBuildFile; fileRef = 4938720A277B193800D6F794 /* ChartData.swift */; };
/* End PBXBuildFile section */

/* Begin PBXFileReference section */
		493871EE277B182C00D6F794 /* testBareksa.app */ = {isa = PBXFileReference; explicitFileType = wrapper.application; includeInIndex = 0; path = testBareksa.app; sourceTree = BUILT_PRODUCTS_DIR; };
		493871F1277B182C00D6F794 /* AppDelegate.swift */ = {isa = PBXFileReference; lastKnownFileType = sourcecode.swift; path = AppDelegate.swift; sourceTree = "<group>"; };
		493871F3277B182C00D6F794 /* SceneDelegate.swift */ = {isa = PBXFileReference; lastKnownFileType = sourcecode.swift; path = SceneDelegate.swift; sourceTree = "<group>"; };
		493871F5277B182C00D6F794 /* ViewController.swift */ = {isa = PBXFileReference; lastKnownFileType = sourcecode.swift; path = ViewController.swift; sourceTree = "<group>"; };
		493871F8277B182C00D6F794 /* Base */ = {isa = PBXFileReference; lastKnownFileType = file.storyboard; name = Base; path = Base.lproj/Main.storyboard; sourceTree = "<group>"; };
		493871FA277B182E00D6F794 /* Assets.xcassets */ = {isa = PBXFileReference; lastKnownFileType = folder.assetcatalog; path = Assets.xcassets; sourceTree = "<group>"; };
		493871FD277B182E00D6F794 /* Base */ = {isa = PBXFileReference; lastKnownFileType = file.storyboard; name = Base; path = Base.lproj/LaunchScreen.storyboard; sourceTree = "<group>"; };
		493871FF277B182E00D6F794 /* Info.plist */ = {isa = PBXFileReference; lastKnownFileType = text.plist.xml; path = Info.plist; sourceTree = "<group>"; };
		49387208277B18CC00D6F794 /* ProductDetail.swift */ = {isa = PBXFileReference; lastKnownFileType = sourcecode.swift; path = ProductDetail.swift; sourceTree = "<group>"; };
		4938720A277B193800D6F794 /* ChartData.swift */ = {isa = PBXFileReference; lastKnownFileType = sourcecode.swift; path = ChartData.swift; sourceTree = "<group>"; };
/* End PBXFileReference section */

/* Begin PBXFrameworksBuildPhase section */
		493871EB277B182C00D6F794 /* Frameworks */ = {
			isa = PBXFrameworksBuildPhase;
			buildActionMask = 2147483647;
			files = (
			);
			runOnlyForDeploymentPostprocessing = 0;
		};
/* End PBXFrameworksBuildPhase section */

/* Begin PBXGroup section */
		493871E5277B182C00D6F794 = {
			isa = PBXGroup;
			children = (
				493871F0277B182C00D6F794 /* testBareksa */,
				493871EF277B182C00D6F794 /* Products */,
			);
			sourceTree = "<group>";
		};
		493871EF277B182C00D6F794 /* Products */ = {
			isa = PBXGroup;
			children = (
				493871EE277B182C00D6F794 /* testBareksa.app */,
			);
			name = Products;
			sourceTree = "<group>";
		};
		493871F0277B182C00D6F794 /* testBareksa */ = {
			isa = PBXGroup;
			children = (
				4938720C277B194500D6F794 /* Networking */,
				49387205277B18A100D6F794 /* models */,
				49387206277B18A500D6F794 /* view */,
				49387207277B18AA00D6F794 /* view mdoels */,
				493871F1277B182C00D6F794 /* AppDelegate.swift */,
				493871F3277B182C00D6F794 /* SceneDelegate.swift */,
				493871F5277B182C00D6F794 /* ViewController.swift */,
				493871F7277B182C00D6F794 /* Main.storyboard */,
				493871FA277B182E00D6F794 /* Assets.xcassets */,
				493871FC277B182E00D6F794 /* LaunchScreen.storyboard */,
				493871FF277B182E00D6F794 /* Info.plist */,
			);
			path = testBareksa;
			sourceTree = "<group>";
		};
		49387205277B18A100D6F794 /* models */ = {
			isa = PBXGroup;
			children = (
				49387208277B18CC00D6F794 /* ProductDetail.swift */,
				4938720A277B193800D6F794 /* ChartData.swift */,
			);
			path = models;
			sourceTree = "<group>";
		};
		49387206277B18A500D6F794 /* view */ = {
			isa = PBXGroup;
			children = (
			);
			path = view;
			sourceTree = "<group>";
		};
		49387207277B18AA00D6F794 /* view mdoels */ = {
			isa = PBXGroup;
			children = (
			);
			path = "view mdoels";
			sourceTree = "<group>";
		};
		4938720C277B194500D6F794 /* Networking */ = {
			isa = PBXGroup;
			children = (
			);
			path = Networking;
			sourceTree = "<group>";
		};
/* End PBXGroup section */

/* Begin PBXNativeTarget section */
		493871ED277B182C00D6F794 /* testBareksa */ = {
			isa = PBXNativeTarget;
			buildConfigurationList = 49387202277B182E00D6F794 /* Build configuration list for PBXNativeTarget "testBareksa" */;
			buildPhases = (
				493871EA277B182C00D6F794 /* Sources */,
				493871EB277B182C00D6F794 /* Frameworks */,
				493871EC277B182C00D6F794 /* Resources */,
			);
			buildRules = (
			);
			dependencies = (
			);
			name = testBareksa;
			productName = testBareksa;
			productReference = 493871EE277B182C00D6F794 /* testBareksa.app */;
			productType = "com.apple.product-type.application";
		};
/* End PBXNativeTarget section */

/* Begin PBXProject section */
		493871E6277B182C00D6F794 /* Project object */ = {
			isa = PBXProject;
			attributes = {
				BuildIndependentTargetsInParallel = 1;
				LastSwiftUpdateCheck = 1310;
				LastUpgradeCheck = 1310;
				TargetAttributes = {
					493871ED277B182C00D6F794 = {
						CreatedOnToolsVersion = 13.1;
					};
				};
			};
			buildConfigurationList = 493871E9277B182C00D6F794 /* Build configuration list for PBXProject "testBareksa" */;
			compatibilityVersion = "Xcode 13.0";
			developmentRegion = en;
			hasScannedForEncodings = 0;
			knownRegions = (
				en,
				Base,
			);
			mainGroup = 493871E5277B182C00D6F794;
			productRefGroup = 493871EF277B182C00D6F794 /* Products */;
			projectDirPath = "";
			projectRoot = "";
			targets = (
				493871ED277B182C00D6F794 /* testBareksa */,
			);
		};
/* End PBXProject section */

/* Begin PBXResourcesBuildPhase section */
		493871EC277B182C00D6F794 /* Resources */ = {
			isa = PBXResourcesBuildPhase;
			buildActionMask = 2147483647;
			files = (
				493871FE277B182E00D6F794 /* LaunchScreen.storyboard in Resources */,
				493871FB277B182E00D6F794 /* Assets.xcassets in Resources */,
				493871F9277B182C00D6F794 /* Main.storyboard in Resources */,
			);
			runOnlyForDeploymentPostprocessing = 0;
		};
/* End PBXResourcesBuildPhase section */

/* Begin PBXSourcesBuildPhase section */
		493871EA277B182C00D6F794 /* Sources */ = {
			isa = PBXSourcesBuildPhase;
			buildActionMask = 2147483647;
			files = (
				493871F6277B182C00D6F794 /* ViewController.swift in Sources */,
				4938720B277B193800D6F794 /* ChartData.swift in Sources */,
				493871F2277B182C00D6F794 /* AppDelegate.swift in Sources */,
				493871F4277B182C00D6F794 /* SceneDelegate.swift in Sources */,
				49387209277B18CC00D6F794 /* ProductDetail.swift in Sources */,
			);
			runOnlyForDeploymentPostprocessing = 0;
		};
/* End PBXSourcesBuildPhase section */

/* Begin PBXVariantGroup section */
		493871F7277B182C00D6F794 /* Main.storyboard */ = {
			isa = PBXVariantGroup;
			children = (
				493871F8277B182C00D6F794 /* Base */,
			);
			name = Main.storyboard;
			sourceTree = "<group>";
		};
		493871FC277B182E00D6F794 /* LaunchScreen.storyboard */ = {
			isa = PBXVariantGroup;
			children = (
				493871FD277B182E00D6F794 /* Base */,
			);
			name = LaunchScreen.storyboard;
			sourceTree = "<group>";
		};
/* End PBXVariantGroup section */

/* Begin XCBuildConfiguration section */
		49387200277B182E00D6F794 /* Debug */ = {
			isa = XCBuildConfiguration;
			buildSettings = {
				ALWAYS_SEARCH_USER_PATHS = NO;
				CLANG_ANALYZER_NONNULL = YES;
				CLANG_ANALYZER_NUMBER_OBJECT_CONVERSION = YES_AGGRESSIVE;
				CLANG_CXX_LANGUAGE_STANDARD = "gnu++17";
				CLANG_CXX_LIBRARY = "libc++";
				CLANG_ENABLE_MODULES = YES;
				CLANG_ENABLE_OBJC_ARC = YES;
				CLANG_ENABLE_OBJC_WEAK = YES;
				CLANG_WARN_BLOCK_CAPTURE_AUTORELEASING = YES;
				CLANG_WARN_BOOL_CONVERSION = YES;
				CLANG_WARN_COMMA = YES;
				CLANG_WARN_CONSTANT_CONVERSION = YES;
				CLANG_WARN_DEPRECATED_OBJC_IMPLEMENTATIONS = YES;
				CLANG_WARN_DIRECT_OBJC_ISA_USAGE = YES_ERROR;
				CLANG_WARN_DOCUMENTATION_COMMENTS = YES;
				CLANG_WARN_EMPTY_BODY = YES;
				CLANG_WARN_ENUM_CONVERSION = YES;
				CLANG_WARN_INFINITE_RECURSION = YES;
				CLANG_WARN_INT_CONVERSION = YES;
				CLANG_WARN_NON_LITERAL_NULL_CONVERSION = YES;
				CLANG_WARN_OBJC_IMPLICIT_RETAIN_SELF = YES;
				CLANG_WARN_OBJC_LITERAL_CONVERSION = YES;
				CLANG_WARN_OBJC_ROOT_CLASS = YES_ERROR;
				CLANG_WARN_QUOTED_INCLUDE_IN_FRAMEWORK_HEADER = YES;
				CLANG_WARN_RANGE_LOOP_ANALYSIS = YES;
				CLANG_WARN_STRICT_PROTOTYPES = YES;
				CLANG_WARN_SUSPICIOUS_MOVE = YES;
				CLANG_WARN_UNGUARDED_AVAILABILITY = YES_AGGRESSIVE;
				CLANG_WARN_UNREACHABLE_CODE = YES;
				CLANG_WARN__DUPLICATE_METHOD_MATCH = YES;
				COPY_PHASE_STRIP = NO;
				DEBUG_INFORMATION_FORMAT = dwarf;
				ENABLE_STRICT_OBJC_MSGSEND = YES;
				ENABLE_TESTABILITY = YES;
				GCC_C_LANGUAGE_STANDARD = gnu11;
				GCC_DYNAMIC_NO_PIC = NO;
				GCC_NO_COMMON_BLOCKS = YES;
				GCC_OPTIMIZATION_LEVEL = 0;
				GCC_PREPROCESSOR_DEFINITIONS = (
					"DEBUG=1",
					"$(inherited)",
				);
				GCC_WARN_64_TO_32_BIT_CONVERSION = YES;
				GCC_WARN_ABOUT_RETURN_TYPE = YES_ERROR;
				GCC_WARN_UNDECLARED_SELECTOR = YES;
				GCC_WARN_UNINITIALIZED_AUTOS = YES_AGGRESSIVE;
				GCC_WARN_UNUSED_FUNCTION = YES;
				GCC_WARN_UNUSED_VARIABLE = YES;
				IPHONEOS_DEPLOYMENT_TARGET = 15.0;
				MTL_ENABLE_DEBUG_INFO = INCLUDE_SOURCE;
				MTL_FAST_MATH = YES;
				ONLY_ACTIVE_ARCH = YES;
				SDKROOT = iphoneos;
				SWIFT_ACTIVE_COMPILATION_CONDITIONS = DEBUG;
				SWIFT_OPTIMIZATION_LEVEL = "-Onone";
			};
			name = Debug;
		};
		49387201277B182E00D6F794 /* Release */ = {
			isa = XCBuildConfiguration;
			buildSettings = {
				ALWAYS_SEARCH_USER_PATHS = NO;
				CLANG_ANALYZER_NONNULL = YES;
				CLANG_ANALYZER_NUMBER_OBJECT_CONVERSION = YES_AGGRESSIVE;
				CLANG_CXX_LANGUAGE_STANDARD = "gnu++17";
				CLANG_CXX_LIBRARY = "libc++";
				CLANG_ENABLE_MODULES = YES;
				CLANG_ENABLE_OBJC_ARC = YES;
				CLANG_ENABLE_OBJC_WEAK = YES;
				CLANG_WARN_BLOCK_CAPTURE_AUTORELEASING = YES;
				CLANG_WARN_BOOL_CONVERSION = YES;
				CLANG_WARN_COMMA = YES;
				CLANG_WARN_CONSTANT_CONVERSION = YES;
				CLANG_WARN_DEPRECATED_OBJC_IMPLEMENTATIONS = YES;
				CLANG_WARN_DIRECT_OBJC_ISA_USAGE = YES_ERROR;
				CLANG_WARN_DOCUMENTATION_COMMENTS = YES;
				CLANG_WARN_EMPTY_BODY = YES;
				CLANG_WARN_ENUM_CONVERSION = YES;
				CLANG_WARN_INFINITE_RECURSION = YES;
				CLANG_WARN_INT_CONVERSION = YES;
				CLANG_WARN_NON_LITERAL_NULL_CONVERSION = YES;
				CLANG_WARN_OBJC_IMPLICIT_RETAIN_SELF = YES;
				CLANG_WARN_OBJC_LITERAL_CONVERSION = YES;
				CLANG_WARN_OBJC_ROOT_CLASS = YES_ERROR;
				CLANG_WARN_QUOTED_INCLUDE_IN_FRAMEWORK_HEADER = YES;
				CLANG_WARN_RANGE_LOOP_ANALYSIS = YES;
				CLANG_WARN_STRICT_PROTOTYPES = YES;
				CLANG_WARN_SUSPICIOUS_MOVE = YES;
				CLANG_WARN_UNGUARDED_AVAILABILITY = YES_AGGRESSIVE;
				CLANG_WARN_UNREACHABLE_CODE = YES;
				CLANG_WARN__DUPLICATE_METHOD_MATCH = YES;
				COPY_PHASE_STRIP = NO;
				DEBUG_INFORMATION_FORMAT = "dwarf-with-dsym";
				ENABLE_NS_ASSERTIONS = NO;
				ENABLE_STRICT_OBJC_MSGSEND = YES;
				GCC_C_LANGUAGE_STANDARD = gnu11;
				GCC_NO_COMMON_BLOCKS = YES;
				GCC_WARN_64_TO_32_BIT_CONVERSION = YES;
				GCC_WARN_ABOUT_RETURN_TYPE = YES_ERROR;
				GCC_WARN_UNDECLARED_SELECTOR = YES;
				GCC_WARN_UNINITIALIZED_AUTOS = YES_AGGRESSIVE;
				GCC_WARN_UNUSED_FUNCTION = YES;
				GCC_WARN_UNUSED_VARIABLE = YES;
				IPHONEOS_DEPLOYMENT_TARGET = 15.0;
				MTL_ENABLE_DEBUG_INFO = NO;
				MTL_FAST_MATH = YES;
				SDKROOT = iphoneos;
				SWIFT_COMPILATION_MODE = wholemodule;
				SWIFT_OPTIMIZATION_LEVEL = "-O";
				VALIDATE_PRODUCT = YES;
			};
			name = Release;
		};
		49387203277B182E00D6F794 /* Debug */ = {
			isa = XCBuildConfiguration;
			buildSettings = {
				ASSETCATALOG_COMPILER_APPICON_NAME = AppIcon;
				ASSETCATALOG_COMPILER_GLOBAL_ACCENT_COLOR_NAME = AccentColor;
				CODE_SIGN_STYLE = Automatic;
				CURRENT_PROJECT_VERSION = 1;
				DEVELOPMENT_TEAM = TATAZHHLZ7;
				GENERATE_INFOPLIST_FILE = YES;
				INFOPLIST_FILE = testBareksa/Info.plist;
				INFOPLIST_KEY_UIApplicationSupportsIndirectInputEvents = YES;
				INFOPLIST_KEY_UILaunchStoryboardName = LaunchScreen;
				INFOPLIST_KEY_UIMainStoryboardFile = Main;
				INFOPLIST_KEY_UISupportedInterfaceOrientations_iPad = "UIInterfaceOrientationPortrait UIInterfaceOrientationPortraitUpsideDown UIInterfaceOrientationLandscapeLeft UIInterfaceOrientationLandscapeRight";
				INFOPLIST_KEY_UISupportedInterfaceOrientations_iPhone = "UIInterfaceOrientationPortrait UIInterfaceOrientationLandscapeLeft UIInterfaceOrientationLandscapeRight";
				IPHONEOS_DEPLOYMENT_TARGET = 10.0;
				LD_RUNPATH_SEARCH_PATHS = (
					"$(inherited)",
					"@executable_path/Frameworks",
				);
				MARKETING_VERSION = 1.0;
				PRODUCT_BUNDLE_IDENTIFIER = com.jackieleonardy.testBareksa;
				PRODUCT_NAME = "$(TARGET_NAME)";
				SWIFT_EMIT_LOC_STRINGS = YES;
				SWIFT_VERSION = 5.0;
				TARGETED_DEVICE_FAMILY = "1,2";
			};
			name = Debug;
		};
		49387204277B182E00D6F794 /* Release */ = {
			isa = XCBuildConfiguration;
			buildSettings = {
				ASSETCATALOG_COMPILER_APPICON_NAME = AppIcon;
				ASSETCATALOG_COMPILER_GLOBAL_ACCENT_COLOR_NAME = AccentColor;
				CODE_SIGN_STYLE = Automatic;
				CURRENT_PROJECT_VERSION = 1;
				DEVELOPMENT_TEAM = TATAZHHLZ7;
				GENERATE_INFOPLIST_FILE = YES;
				INFOPLIST_FILE = testBareksa/Info.plist;
				INFOPLIST_KEY_UIApplicationSupportsIndirectInputEvents = YES;
				INFOPLIST_KEY_UILaunchStoryboardName = LaunchScreen;
				INFOPLIST_KEY_UIMainStoryboardFile = Main;
				INFOPLIST_KEY_UISupportedInterfaceOrientations_iPad = "UIInterfaceOrientationPortrait UIInterfaceOrientationPortraitUpsideDown UIInterfaceOrientationLandscapeLeft UIInterfaceOrientationLandscapeRight";
				INFOPLIST_KEY_UISupportedInterfaceOrientations_iPhone = "UIInterfaceOrientationPortrait UIInterfaceOrientationLandscapeLeft UIInterfaceOrientationLandscapeRight";
				IPHONEOS_DEPLOYMENT_TARGET = 10.0;
				LD_RUNPATH_SEARCH_PATHS = (
					"$(inherited)",
					"@executable_path/Frameworks",
				);
				MARKETING_VERSION = 1.0;
				PRODUCT_BUNDLE_IDENTIFIER = com.jackieleonardy.testBareksa;
				PRODUCT_NAME = "$(TARGET_NAME)";
				SWIFT_EMIT_LOC_STRINGS = YES;
				SWIFT_VERSION = 5.0;
				TARGETED_DEVICE_FAMILY = "1,2";
			};
			name = Release;
		};
/* End XCBuildConfiguration section */

/* Begin XCConfigurationList section */
		493871E9277B182C00D6F794 /* Build configuration list for PBXProject "testBareksa" */ = {
			isa = XCConfigurationList;
			buildConfigurations = (
				49387200277B182E00D6F794 /* Debug */,
				49387201277B182E00D6F794 /* Release */,
			);
			defaultConfigurationIsVisible = 0;
			defaultConfigurationName = Release;
		};
		49387202277B182E00D6F794 /* Build configuration list for PBXNativeTarget "testBareksa" */ = {
			isa = XCConfigurationList;
			buildConfigurations = (
				49387203277B182E00D6F794 /* Debug */,
				49387204277B182E00D6F794 /* Release */,
			);
			defaultConfigurationIsVisible = 0;
			defaultConfigurationName = Release;
		};
/* End XCConfigurationList section */
	};
	rootObject = 493871E6277B182C00D6F794 /* Project object */;
}
